
Microsoft Visual Studio Solution File, Format Version 12.00
# Visual Studio 2013
VisualStudioVersion = 12.0.31101.0
MinimumVisualStudioVersion = 10.0.40219.1
Project("{2150E333-8FDC-42A3-9474-1A3956D46DE8}") = "10 Presentation Layer", "10 Presentation Layer", "{E466AFB9-DBC6-4029-97A0-631F98DD48FE}"
EndProject
Project("{2150E333-8FDC-42A3-9474-1A3956D46DE8}") = "20 Business Layer", "20 Business Layer", "{C9917118-DECE-455A-B0D7-FB965C873B33}"
EndProject
Project("{2150E333-8FDC-42A3-9474-1A3956D46DE8}") = "30 Domain Layer", "30 Domain Layer", "{FC134D7A-265A-4CC1-81CA-E55E3F145241}"
EndProject
Project("{2150E333-8FDC-42A3-9474-1A3956D46DE8}") = "40 Data Layer", "40 Data Layer", "{DFB76A46-18D8-4B40-BE97-30BE74F51712}"
EndProject
Project("{FAE04EC0-301F-11D3-BF4B-00C04F79EFBC}") = "TheShop.Domain.Core", "TheShop.Domain.Core\TheShop.Domain.Core.csproj", "{080E00A8-F15D-4680-AD7D-0FC341A42CDE}"
EndProject
Project("{FAE04EC0-301F-11D3-BF4B-00C04F79EFBC}") = "TheShop.Business.Managers", "TheShop.Business.Managers\TheShop.Business.Managers.csproj", "{0CCF3CB6-B8D8-4D15-BD25-B9132AFD8318}"
EndProject
Project("{FAE04EC0-301F-11D3-BF4B-00C04F79EFBC}") = "TheShop.Data.Sql", "TheShop.Data.Sql\TheShop.Data.Sql.csproj", "{0287315B-BC37-4869-8B60-BA365A5F5FA9}"
EndProject
Project("{FAE04EC0-301F-11D3-BF4B-00C04F79EFBC}") = "TheShop.Business.Managers.UnitTests", "TheShop.Business.Managers.UnitTests\TheShop.Business.Managers.UnitTests.csproj", "{5F755278-1EF0-4DB8-B26B-C68997584889}"
EndProject
Project("{FAE04EC0-301F-11D3-BF4B-00C04F79EFBC}") = "TheShopper", "TheShopper\TheShopper.csproj", "{26944580-12FF-47E0-AD10-E9506CB3FFE5}"
EndProject
Project("{FAE04EC0-301F-11D3-BF4B-00C04F79EFBC}") = "TheShop.Data.Fakes", "TheShop.Data.Fakes\TheShop.Data.Fakes.csproj", "{C59C82EB-15D1-4C7B-8F80-EC85CF15AE54}"
EndProject
Project("{FAE04EC0-301F-11D3-BF4B-00C04F79EFBC}") = "TheShop.Business.ViewModels", "TheShop.Business.ViewModels\TheShop.Business.ViewModels.csproj", "{216C64FC-FE3A-4668-8BC2-BEAFCC550BD6}"
EndProject
Project("{FAE04EC0-301F-11D3-BF4B-00C04F79EFBC}") = "TheShop.Business.ViewModels.UnitTests", "TheShop.Business.ViewModels.UnitTests\TheShop.Business.ViewModels.UnitTests.csproj", "{8D7B83A6-5491-4BAB-B426-A8AA71B37D08}"
EndProject
Project("{2150E333-8FDC-42A3-9474-1A3956D46DE8}") = "10 Managers", "10 Managers", "{30C9F133-7933-4A7A-9824-7AC8E2BF4CCE}"
EndProject
Project("{2150E333-8FDC-42A3-9474-1A3956D46DE8}") = "20 ViewModels", "20 ViewModels", "{88E5C4E2-6327-4F5A-B6E2-034FADEE3D4C}"
EndProject
Project("{2150E333-8FDC-42A3-9474-1A3956D46DE8}") = "10 Fakes", "10 Fakes", "{59B13750-84D9-4225-96FB-66FE35C8E65F}"
EndProject
Project("{2150E333-8FDC-42A3-9474-1A3956D46DE8}") = "20 SQL", "20 SQL", "{16CE90B8-90A4-41C5-BDF7-B0C75AE4072E}"
EndProject
Project("{FAE04EC0-301F-11D3-BF4B-00C04F79EFBC}") = "TheShop.Data.Sql.UnitTests", "TheShop.Data.Sql.UnitTests\TheShop.Data.Sql.UnitTests.csproj", "{BAA17027-0491-48B9-86DF-232766F1705E}"
EndProject
Global
	GlobalSection(SolutionConfigurationPlatforms) = preSolution
		Debug|Any CPU = Debug|Any CPU
		Release|Any CPU = Release|Any CPU
	EndGlobalSection
	GlobalSection(ProjectConfigurationPlatforms) = postSolution
		{080E00A8-F15D-4680-AD7D-0FC341A42CDE}.Debug|Any CPU.ActiveCfg = Debug|Any CPU
		{080E00A8-F15D-4680-AD7D-0FC341A42CDE}.Debug|Any CPU.Build.0 = Debug|Any CPU
		{080E00A8-F15D-4680-AD7D-0FC341A42CDE}.Release|Any CPU.ActiveCfg = Release|Any CPU
		{080E00A8-F15D-4680-AD7D-0FC341A42CDE}.Release|Any CPU.Build.0 = Release|Any CPU
		{0CCF3CB6-B8D8-4D15-BD25-B9132AFD8318}.Debug|Any CPU.ActiveCfg = Debug|Any CPU
		{0CCF3CB6-B8D8-4D15-BD25-B9132AFD8318}.Debug|Any CPU.Build.0 = Debug|Any CPU
		{0CCF3CB6-B8D8-4D15-BD25-B9132AFD8318}.Release|Any CPU.ActiveCfg = Release|Any CPU
		{0CCF3CB6-B8D8-4D15-BD25-B9132AFD8318}.Release|Any CPU.Build.0 = Release|Any CPU
		{0287315B-BC37-4869-8B60-BA365A5F5FA9}.Debug|Any CPU.ActiveCfg = Debug|Any CPU
		{0287315B-BC37-4869-8B60-BA365A5F5FA9}.Debug|Any CPU.Build.0 = Debug|Any CPU
		{0287315B-BC37-4869-8B60-BA365A5F5FA9}.Release|Any CPU.ActiveCfg = Release|Any CPU
		{0287315B-BC37-4869-8B60-BA365A5F5FA9}.Release|Any CPU.Build.0 = Release|Any CPU
		{5F755278-1EF0-4DB8-B26B-C68997584889}.Debug|Any CPU.ActiveCfg = Debug|Any CPU
		{5F755278-1EF0-4DB8-B26B-C68997584889}.Debug|Any CPU.Build.0 = Debug|Any CPU
		{5F755278-1EF0-4DB8-B26B-C68997584889}.Release|Any CPU.ActiveCfg = Release|Any CPU
		{5F755278-1EF0-4DB8-B26B-C68997584889}.Release|Any CPU.Build.0 = Release|Any CPU
		{26944580-12FF-47E0-AD10-E9506CB3FFE5}.Debug|Any CPU.ActiveCfg = Debug|Any CPU
		{26944580-12FF-47E0-AD10-E9506CB3FFE5}.Debug|Any CPU.Build.0 = Debug|Any CPU
		{26944580-12FF-47E0-AD10-E9506CB3FFE5}.Release|Any CPU.ActiveCfg = Release|Any CPU
		{26944580-12FF-47E0-AD10-E9506CB3FFE5}.Release|Any CPU.Build.0 = Release|Any CPU
		{C59C82EB-15D1-4C7B-8F80-EC85CF15AE54}.Debug|Any CPU.ActiveCfg = Debug|Any CPU
		{C59C82EB-15D1-4C7B-8F80-EC85CF15AE54}.Debug|Any CPU.Build.0 = Debug|Any CPU
		{C59C82EB-15D1-4C7B-8F80-EC85CF15AE54}.Release|Any CPU.ActiveCfg = Release|Any CPU
		{C59C82EB-15D1-4C7B-8F80-EC85CF15AE54}.Release|Any CPU.Build.0 = Release|Any CPU
		{216C64FC-FE3A-4668-8BC2-BEAFCC550BD6}.Debug|Any CPU.ActiveCfg = Debug|Any CPU
		{216C64FC-FE3A-4668-8BC2-BEAFCC550BD6}.Debug|Any CPU.Build.0 = Debug|Any CPU
		{216C64FC-FE3A-4668-8BC2-BEAFCC550BD6}.Release|Any CPU.ActiveCfg = Release|Any CPU
		{216C64FC-FE3A-4668-8BC2-BEAFCC550BD6}.Release|Any CPU.Build.0 = Release|Any CPU
		{8D7B83A6-5491-4BAB-B426-A8AA71B37D08}.Debug|Any CPU.ActiveCfg = Debug|Any CPU
		{8D7B83A6-5491-4BAB-B426-A8AA71B37D08}.Debug|Any CPU.Build.0 = Debug|Any CPU
		{8D7B83A6-5491-4BAB-B426-A8AA71B37D08}.Release|Any CPU.ActiveCfg = Release|Any CPU
		{8D7B83A6-5491-4BAB-B426-A8AA71B37D08}.Release|Any CPU.Build.0 = Release|Any CPU
		{BAA17027-0491-48B9-86DF-232766F1705E}.Debug|Any CPU.ActiveCfg = Debug|Any CPU
		{BAA17027-0491-48B9-86DF-232766F1705E}.Debug|Any CPU.Build.0 = Debug|Any CPU
		{BAA17027-0491-48B9-86DF-232766F1705E}.Release|Any CPU.ActiveCfg = Release|Any CPU
		{BAA17027-0491-48B9-86DF-232766F1705E}.Release|Any CPU.Build.0 = Release|Any CPU
	EndGlobalSection
	GlobalSection(SolutionProperties) = preSolution
		HideSolutionNode = FALSE
	EndGlobalSection
	GlobalSection(NestedProjects) = preSolution
		{080E00A8-F15D-4680-AD7D-0FC341A42CDE} = {FC134D7A-265A-4CC1-81CA-E55E3F145241}
		{0CCF3CB6-B8D8-4D15-BD25-B9132AFD8318} = {30C9F133-7933-4A7A-9824-7AC8E2BF4CCE}
		{0287315B-BC37-4869-8B60-BA365A5F5FA9} = {16CE90B8-90A4-41C5-BDF7-B0C75AE4072E}
		{5F755278-1EF0-4DB8-B26B-C68997584889} = {30C9F133-7933-4A7A-9824-7AC8E2BF4CCE}
		{26944580-12FF-47E0-AD10-E9506CB3FFE5} = {E466AFB9-DBC6-4029-97A0-631F98DD48FE}
		{C59C82EB-15D1-4C7B-8F80-EC85CF15AE54} = {59B13750-84D9-4225-96FB-66FE35C8E65F}
		{216C64FC-FE3A-4668-8BC2-BEAFCC550BD6} = {88E5C4E2-6327-4F5A-B6E2-034FADEE3D4C}
		{8D7B83A6-5491-4BAB-B426-A8AA71B37D08} = {88E5C4E2-6327-4F5A-B6E2-034FADEE3D4C}
		{30C9F133-7933-4A7A-9824-7AC8E2BF4CCE} = {C9917118-DECE-455A-B0D7-FB965C873B33}
		{88E5C4E2-6327-4F5A-B6E2-034FADEE3D4C} = {C9917118-DECE-455A-B0D7-FB965C873B33}
		{59B13750-84D9-4225-96FB-66FE35C8E65F} = {DFB76A46-18D8-4B40-BE97-30BE74F51712}
		{16CE90B8-90A4-41C5-BDF7-B0C75AE4072E} = {DFB76A46-18D8-4B40-BE97-30BE74F51712}
		{BAA17027-0491-48B9-86DF-232766F1705E} = {16CE90B8-90A4-41C5-BDF7-B0C75AE4072E}
	EndGlobalSection
EndGlobal
